
Microsoft Visual Studio Solution File, Format Version 12.00
# Visual Studio Version 16
VisualStudioVersion = 16.0.30406.217
MinimumVisualStudioVersion = 10.0.40219.1
Project("{FAE04EC0-301F-11D3-BF4B-00C04F79EFBC}") = "InstaServer", "InstaServer\InstaServer.csproj", "{877570AA-5BD2-42F7-A54E-62AA3C3F8DE3}"
EndProject
Project("{FAE04EC0-301F-11D3-BF4B-00C04F79EFBC}") = "InstaClient", "InstaClient\InstaClient.csproj", "{3AFCA6E1-31B7-4FD1-8405-D6A55365549E}"
EndProject
Global
	GlobalSection(SolutionConfigurationPlatforms) = preSolution
		Debug|Any CPU = Debug|Any CPU
		Release|Any CPU = Release|Any CPU
	EndGlobalSection
	GlobalSection(ProjectConfigurationPlatforms) = postSolution
		{877570AA-5BD2-42F7-A54E-62AA3C3F8DE3}.Debug|Any CPU.ActiveCfg = Debug|Any CPU
		{877570AA-5BD2-42F7-A54E-62AA3C3F8DE3}.Debug|Any CPU.Build.0 = Debug|Any CPU
		{877570AA-5BD2-42F7-A54E-62AA3C3F8DE3}.Release|Any CPU.ActiveCfg = Release|Any CPU
		{877570AA-5BD2-42F7-A54E-62AA3C3F8DE3}.Release|Any CPU.Build.0 = Release|Any CPU
		{3AFCA6E1-31B7-4FD1-8405-D6A55365549E}.Debug|Any CPU.ActiveCfg = Debug|Any CPU
		{3AFCA6E1-31B7-4FD1-8405-D6A55365549E}.Debug|Any CPU.Build.0 = Debug|Any CPU
		{3AFCA6E1-31B7-4FD1-8405-D6A55365549E}.Release|Any CPU.ActiveCfg = Release|Any CPU
		{3AFCA6E1-31B7-4FD1-8405-D6A55365549E}.Release|Any CPU.Build.0 = Release|Any CPU
	EndGlobalSection
	GlobalSection(SolutionProperties) = preSolution
		HideSolutionNode = FALSE
	EndGlobalSection
	GlobalSection(ExtensibilityGlobals) = postSolution
		SolutionGuid = {DBC6AB6A-C1A2-46A0-896D-2C5E7B6AA53A}
	EndGlobalSection
EndGlobal
